
Microsoft Visual Studio Solution File, Format Version 12.00
# Visual Studio Version 17
Project("{2150E333-8FDC-42A3-9474-1A3956D46DE8}") = "CMakePredefinedTargets", "CMakePredefinedTargets", "{C5436234-8B68-3464-861F-65F9FD4F3D92}"
EndProject
Project("{2150E333-8FDC-42A3-9474-1A3956D46DE8}") = "GLFW3", "GLFW3", "{D3D51262-2502-3CA7-9708-E63B720794A3}"
EndProject
Project("{8BC9CEB8-8B4A-11D0-8D11-00A0C91BC942}") = "ALL_BUILD", "ALL_BUILD.vcxproj", "{2E77D9EB-0879-394F-B356-EC960CD26351}"
	ProjectSection(ProjectDependencies) = postProject
		{4C0BF137-4FC7-34F6-A0DE-D8176A409142} = {4C0BF137-4FC7-34F6-A0DE-D8176A409142}
		{A5F0E4E4-7DF4-3285-854F-396BB5F22466} = {A5F0E4E4-7DF4-3285-854F-396BB5F22466}
	EndProjectSection
EndProject
Project("{8BC9CEB8-8B4A-11D0-8D11-00A0C91BC942}") = "INSTALL", "INSTALL.vcxproj", "{500C5596-5FEF-3FF7-9E28-EF19EB8051FE}"
	ProjectSection(ProjectDependencies) = postProject
		{2E77D9EB-0879-394F-B356-EC960CD26351} = {2E77D9EB-0879-394F-B356-EC960CD26351}
		{4C0BF137-4FC7-34F6-A0DE-D8176A409142} = {4C0BF137-4FC7-34F6-A0DE-D8176A409142}
	EndProjectSection
EndProject
Project("{8BC9CEB8-8B4A-11D0-8D11-00A0C91BC942}") = "ZERO_CHECK", "..\\ZERO_CHECK.vcxproj", "{4C0BF137-4FC7-34F6-A0DE-D8176A409142}"
	ProjectSection(ProjectDependencies) = postProject
	EndProjectSection
EndProject
Project("{8BC9CEB8-8B4A-11D0-8D11-00A0C91BC942}") = "glfw", "src\glfw.vcxproj", "{A5F0E4E4-7DF4-3285-854F-396BB5F22466}"
	ProjectSection(ProjectDependencies) = postProject
		{4C0BF137-4FC7-34F6-A0DE-D8176A409142} = {4C0BF137-4FC7-34F6-A0DE-D8176A409142}
	EndProjectSection
EndProject
Project("{8BC9CEB8-8B4A-11D0-8D11-00A0C91BC942}") = "uninstall", "uninstall.vcxproj", "{CBAD6CFA-EB95-3674-B30C-6ADB0284C763}"
	ProjectSection(ProjectDependencies) = postProject
		{4C0BF137-4FC7-34F6-A0DE-D8176A409142} = {4C0BF137-4FC7-34F6-A0DE-D8176A409142}
	EndProjectSection
EndProject
Global
	GlobalSection(SolutionConfigurationPlatforms) = preSolution
		Debug|x64 = Debug|x64
		Release|x64 = Release|x64
		MinSizeRel|x64 = MinSizeRel|x64
		RelWithDebInfo|x64 = RelWithDebInfo|x64
	EndGlobalSection
	GlobalSection(ProjectConfigurationPlatforms) = postSolution
		{2E77D9EB-0879-394F-B356-EC960CD26351}.Debug|x64.ActiveCfg = Debug|x64
		{2E77D9EB-0879-394F-B356-EC960CD26351}.Debug|x64.Build.0 = Debug|x64
		{2E77D9EB-0879-394F-B356-EC960CD26351}.Release|x64.ActiveCfg = Release|x64
		{2E77D9EB-0879-394F-B356-EC960CD26351}.Release|x64.Build.0 = Release|x64
		{2E77D9EB-0879-394F-B356-EC960CD26351}.MinSizeRel|x64.ActiveCfg = MinSizeRel|x64
		{2E77D9EB-0879-394F-B356-EC960CD26351}.MinSizeRel|x64.Build.0 = MinSizeRel|x64
		{2E77D9EB-0879-394F-B356-EC960CD26351}.RelWithDebInfo|x64.ActiveCfg = RelWithDebInfo|x64
		{2E77D9EB-0879-394F-B356-EC960CD26351}.RelWithDebInfo|x64.Build.0 = RelWithDebInfo|x64
		{500C5596-5FEF-3FF7-9E28-EF19EB8051FE}.Debug|x64.ActiveCfg = Debug|x64
		{500C5596-5FEF-3FF7-9E28-EF19EB8051FE}.Release|x64.ActiveCfg = Release|x64
		{500C5596-5FEF-3FF7-9E28-EF19EB8051FE}.MinSizeRel|x64.ActiveCfg = MinSizeRel|x64
		{500C5596-5FEF-3FF7-9E28-EF19EB8051FE}.RelWithDebInfo|x64.ActiveCfg = RelWithDebInfo|x64
		{4C0BF137-4FC7-34F6-A0DE-D8176A409142}.Debug|x64.ActiveCfg = Debug|x64
		{4C0BF137-4FC7-34F6-A0DE-D8176A409142}.Debug|x64.Build.0 = Debug|x64
		{4C0BF137-4FC7-34F6-A0DE-D8176A409142}.Release|x64.ActiveCfg = Release|x64
		{4C0BF137-4FC7-34F6-A0DE-D8176A409142}.Release|x64.Build.0 = Release|x64
		{4C0BF137-4FC7-34F6-A0DE-D8176A409142}.MinSizeRel|x64.ActiveCfg = MinSizeRel|x64
		{4C0BF137-4FC7-34F6-A0DE-D8176A409142}.MinSizeRel|x64.Build.0 = MinSizeRel|x64
		{4C0BF137-4FC7-34F6-A0DE-D8176A409142}.RelWithDebInfo|x64.ActiveCfg = RelWithDebInfo|x64
		{4C0BF137-4FC7-34F6-A0DE-D8176A409142}.RelWithDebInfo|x64.Build.0 = RelWithDebInfo|x64
		{A5F0E4E4-7DF4-3285-854F-396BB5F22466}.Debug|x64.ActiveCfg = Debug|x64
		{A5F0E4E4-7DF4-3285-854F-396BB5F22466}.Debug|x64.Build.0 = Debug|x64
		{A5F0E4E4-7DF4-3285-854F-396BB5F22466}.Release|x64.ActiveCfg = Release|x64
		{A5F0E4E4-7DF4-3285-854F-396BB5F22466}.Release|x64.Build.0 = Release|x64
		{A5F0E4E4-7DF4-3285-854F-396BB5F22466}.MinSizeRel|x64.ActiveCfg = MinSizeRel|x64
		{A5F0E4E4-7DF4-3285-854F-396BB5F22466}.MinSizeRel|x64.Build.0 = MinSizeRel|x64
		{A5F0E4E4-7DF4-3285-854F-396BB5F22466}.RelWithDebInfo|x64.ActiveCfg = RelWithDebInfo|x64
		{A5F0E4E4-7DF4-3285-854F-396BB5F22466}.RelWithDebInfo|x64.Build.0 = RelWithDebInfo|x64
		{CBAD6CFA-EB95-3674-B30C-6ADB0284C763}.Debug|x64.ActiveCfg = Debug|x64
		{CBAD6CFA-EB95-3674-B30C-6ADB0284C763}.Release|x64.ActiveCfg = Release|x64
		{CBAD6CFA-EB95-3674-B30C-6ADB0284C763}.MinSizeRel|x64.ActiveCfg = MinSizeRel|x64
		{CBAD6CFA-EB95-3674-B30C-6ADB0284C763}.RelWithDebInfo|x64.ActiveCfg = RelWithDebInfo|x64
	EndGlobalSection
	GlobalSection(NestedProjects) = preSolution
		{2E77D9EB-0879-394F-B356-EC960CD26351} = {C5436234-8B68-3464-861F-65F9FD4F3D92}
		{500C5596-5FEF-3FF7-9E28-EF19EB8051FE} = {C5436234-8B68-3464-861F-65F9FD4F3D92}
		{4C0BF137-4FC7-34F6-A0DE-D8176A409142} = {C5436234-8B68-3464-861F-65F9FD4F3D92}
		{A5F0E4E4-7DF4-3285-854F-396BB5F22466} = {D3D51262-2502-3CA7-9708-E63B720794A3}
		{CBAD6CFA-EB95-3674-B30C-6ADB0284C763} = {D3D51262-2502-3CA7-9708-E63B720794A3}
	EndGlobalSection
	GlobalSection(ExtensibilityGlobals) = postSolution
		SolutionGuid = {AC3BF061-1FAE-38C1-95A6-5DC9A2755E0E}
	EndGlobalSection
	GlobalSection(ExtensibilityAddIns) = postSolution
	EndGlobalSection
EndGlobal
