<?xml version="1.0" encoding="utf-8"?>
<Project ToolsVersion="17.0" xmlns="http://schemas.microsoft.com/developer/msbuild/2003">
  <ItemGroup>
    <CustomBuild Include="C:\Programmering\TNM046 Datorgrafik\Lab3\GLBuild\CMakeFiles\7edd98388863a7d7da771acf2d7aa116\uninstall.rule">
      <Filter>CMake Rules</Filter>
    </CustomBuild>
    <CustomBuild Include="C:\Programmering\TNM046 Datorgrafik\Lab3\GLprimer\glfw-3.3.2\CMakeLists.txt" />
  </ItemGroup>
  <ItemGroup>
    <None Include="C:\Programmering\TNM046 Datorgrafik\Lab3\GLBuild\glfw-3.3.2\CMakeFiles\uninstall" />
  </ItemGroup>
  <ItemGroup>
    <Filter Include="CMake Rules">
      <UniqueIdentifier>{A55ECBA8-9DC7-3432-8C41-033CAC167850}</UniqueIdentifier>
    </Filter>
  </ItemGroup>
</Project>
