<?xml version="1.0" encoding="utf-8"?>
<Project ToolsVersion="16.0" xmlns="http://schemas.microsoft.com/developer/msbuild/2003">
  <ItemGroup>
    <ClCompile Include="C:\Programmering\TNM046 Datorgrafik\Lab4\GLprimer\glew\src\glew.c">
      <Filter>Source Files</Filter>
    </ClCompile>
  </ItemGroup>
  <ItemGroup>
    <ClInclude Include="C:\Programmering\TNM046 Datorgrafik\Lab4\GLprimer\glew\include\GL\eglew.h">
      <Filter>Header Files</Filter>
    </ClInclude>
    <ClInclude Include="C:\Programmering\TNM046 Datorgrafik\Lab4\GLprimer\glew\include\GL\glew.h">
      <Filter>Header Files</Filter>
    </ClInclude>
    <ClInclude Include="C:\Programmering\TNM046 Datorgrafik\Lab4\GLprimer\glew\include\GL\glxew.h">
      <Filter>Header Files</Filter>
    </ClInclude>
    <ClInclude Include="C:\Programmering\TNM046 Datorgrafik\Lab4\GLprimer\glew\include\GL\wglew.h">
      <Filter>Header Files</Filter>
    </ClInclude>
  </ItemGroup>
  <ItemGroup>
    <CustomBuild Include="C:\Programmering\TNM046 Datorgrafik\Lab4\GLprimer\glew\CMakeLists.txt" />
  </ItemGroup>
  <ItemGroup>
    <Filter Include="Header Files">
      <UniqueIdentifier>{3F695E6B-40C8-3542-A4A2-F23461C26FF8}</UniqueIdentifier>
    </Filter>
    <Filter Include="Source Files">
      <UniqueIdentifier>{01E48ED2-AC7B-3AB4-B529-7BB4DFA65296}</UniqueIdentifier>
    </Filter>
  </ItemGroup>
</Project>
