<?xml version="1.0" encoding="utf-8"?>
<Project ToolsVersion="16.0" xmlns="http://schemas.microsoft.com/developer/msbuild/2003">
  <ItemGroup>
    <CustomBuild Include="C:\Programmering\TNM046 Datorgrafik\Lab4\GLBuild\CMakeFiles\e7ae0f2b8fbd67994ed7d5558f25b4a5\INSTALL_force.rule">
      <Filter>CMake Rules</Filter>
    </CustomBuild>
  </ItemGroup>
  <ItemGroup>
    <Filter Include="CMake Rules">
      <UniqueIdentifier>{94E59375-B2CB-3F1E-B415-3E3BD4D0E0B3}</UniqueIdentifier>
    </Filter>
  </ItemGroup>
</Project>
