
Microsoft Visual Studio Solution File, Format Version 12.00
# Visual Studio Version 16
Project("{2150E333-8FDC-42A3-9474-1A3956D46DE8}") = "CMakePredefinedTargets", "CMakePredefinedTargets", "{A7A6765B-BD49-3834-8C51-FB17D381A827}"
EndProject
Project("{2150E333-8FDC-42A3-9474-1A3956D46DE8}") = "GLFW3", "GLFW3", "{C3DC0BC1-1DEF-3B59-97FD-813C3759A590}"
EndProject
Project("{8BC9CEB8-8B4A-11D0-8D11-00A0C91BC942}") = "tnm046-labs", "tnm046-labs.vcxproj", "{8F74FBA6-6291-3922-A5E5-6B64BE777DD6}"
	ProjectSection(ProjectDependencies) = postProject
		{FA468BA8-8BF5-3F2F-84A7-F8857AE02BFA} = {FA468BA8-8BF5-3F2F-84A7-F8857AE02BFA}
		{B8BE8B95-A5CD-3FE6-A535-129326670219} = {B8BE8B95-A5CD-3FE6-A535-129326670219}
		{2636C6A3-F427-31DA-AC9B-692C60612CA0} = {2636C6A3-F427-31DA-AC9B-692C60612CA0}
	EndProjectSection
EndProject
Project("{8BC9CEB8-8B4A-11D0-8D11-00A0C91BC942}") = "ALL_BUILD", "ALL_BUILD.vcxproj", "{3E350630-D743-3783-8B0E-8F516135A43B}"
	ProjectSection(ProjectDependencies) = postProject
		{FA468BA8-8BF5-3F2F-84A7-F8857AE02BFA} = {FA468BA8-8BF5-3F2F-84A7-F8857AE02BFA}
		{B8BE8B95-A5CD-3FE6-A535-129326670219} = {B8BE8B95-A5CD-3FE6-A535-129326670219}
		{2636C6A3-F427-31DA-AC9B-692C60612CA0} = {2636C6A3-F427-31DA-AC9B-692C60612CA0}
		{8F74FBA6-6291-3922-A5E5-6B64BE777DD6} = {8F74FBA6-6291-3922-A5E5-6B64BE777DD6}
	EndProjectSection
EndProject
Project("{8BC9CEB8-8B4A-11D0-8D11-00A0C91BC942}") = "GLEW", "glew\GLEW.vcxproj", "{FA468BA8-8BF5-3F2F-84A7-F8857AE02BFA}"
	ProjectSection(ProjectDependencies) = postProject
		{B8BE8B95-A5CD-3FE6-A535-129326670219} = {B8BE8B95-A5CD-3FE6-A535-129326670219}
	EndProjectSection
EndProject
Project("{8BC9CEB8-8B4A-11D0-8D11-00A0C91BC942}") = "INSTALL", "INSTALL.vcxproj", "{886F15BE-5B06-3FEC-91A2-144388C08A2E}"
	ProjectSection(ProjectDependencies) = postProject
		{3E350630-D743-3783-8B0E-8F516135A43B} = {3E350630-D743-3783-8B0E-8F516135A43B}
		{B8BE8B95-A5CD-3FE6-A535-129326670219} = {B8BE8B95-A5CD-3FE6-A535-129326670219}
	EndProjectSection
EndProject
Project("{8BC9CEB8-8B4A-11D0-8D11-00A0C91BC942}") = "ZERO_CHECK", "ZERO_CHECK.vcxproj", "{B8BE8B95-A5CD-3FE6-A535-129326670219}"
	ProjectSection(ProjectDependencies) = postProject
	EndProjectSection
EndProject
Project("{8BC9CEB8-8B4A-11D0-8D11-00A0C91BC942}") = "glfw", "glfw-3.3.2\src\glfw.vcxproj", "{2636C6A3-F427-31DA-AC9B-692C60612CA0}"
	ProjectSection(ProjectDependencies) = postProject
		{B8BE8B95-A5CD-3FE6-A535-129326670219} = {B8BE8B95-A5CD-3FE6-A535-129326670219}
	EndProjectSection
EndProject
Project("{8BC9CEB8-8B4A-11D0-8D11-00A0C91BC942}") = "uninstall", "glfw-3.3.2\uninstall.vcxproj", "{DD5C2698-22AF-322B-AE49-746C47660F3D}"
	ProjectSection(ProjectDependencies) = postProject
		{B8BE8B95-A5CD-3FE6-A535-129326670219} = {B8BE8B95-A5CD-3FE6-A535-129326670219}
	EndProjectSection
EndProject
Global
	GlobalSection(SolutionConfigurationPlatforms) = preSolution
		Debug|x64 = Debug|x64
		Release|x64 = Release|x64
		MinSizeRel|x64 = MinSizeRel|x64
		RelWithDebInfo|x64 = RelWithDebInfo|x64
	EndGlobalSection
	GlobalSection(ProjectConfigurationPlatforms) = postSolution
		{8F74FBA6-6291-3922-A5E5-6B64BE777DD6}.Debug|x64.ActiveCfg = Debug|x64
		{8F74FBA6-6291-3922-A5E5-6B64BE777DD6}.Debug|x64.Build.0 = Debug|x64
		{8F74FBA6-6291-3922-A5E5-6B64BE777DD6}.Release|x64.ActiveCfg = Release|x64
		{8F74FBA6-6291-3922-A5E5-6B64BE777DD6}.Release|x64.Build.0 = Release|x64
		{8F74FBA6-6291-3922-A5E5-6B64BE777DD6}.MinSizeRel|x64.ActiveCfg = MinSizeRel|x64
		{8F74FBA6-6291-3922-A5E5-6B64BE777DD6}.MinSizeRel|x64.Build.0 = MinSizeRel|x64
		{8F74FBA6-6291-3922-A5E5-6B64BE777DD6}.RelWithDebInfo|x64.ActiveCfg = RelWithDebInfo|x64
		{8F74FBA6-6291-3922-A5E5-6B64BE777DD6}.RelWithDebInfo|x64.Build.0 = RelWithDebInfo|x64
		{3E350630-D743-3783-8B0E-8F516135A43B}.Debug|x64.ActiveCfg = Debug|x64
		{3E350630-D743-3783-8B0E-8F516135A43B}.Debug|x64.Build.0 = Debug|x64
		{3E350630-D743-3783-8B0E-8F516135A43B}.Release|x64.ActiveCfg = Release|x64
		{3E350630-D743-3783-8B0E-8F516135A43B}.Release|x64.Build.0 = Release|x64
		{3E350630-D743-3783-8B0E-8F516135A43B}.MinSizeRel|x64.ActiveCfg = MinSizeRel|x64
		{3E350630-D743-3783-8B0E-8F516135A43B}.MinSizeRel|x64.Build.0 = MinSizeRel|x64
		{3E350630-D743-3783-8B0E-8F516135A43B}.RelWithDebInfo|x64.ActiveCfg = RelWithDebInfo|x64
		{3E350630-D743-3783-8B0E-8F516135A43B}.RelWithDebInfo|x64.Build.0 = RelWithDebInfo|x64
		{FA468BA8-8BF5-3F2F-84A7-F8857AE02BFA}.Debug|x64.ActiveCfg = Debug|x64
		{FA468BA8-8BF5-3F2F-84A7-F8857AE02BFA}.Debug|x64.Build.0 = Debug|x64
		{FA468BA8-8BF5-3F2F-84A7-F8857AE02BFA}.Release|x64.ActiveCfg = Release|x64
		{FA468BA8-8BF5-3F2F-84A7-F8857AE02BFA}.Release|x64.Build.0 = Release|x64
		{FA468BA8-8BF5-3F2F-84A7-F8857AE02BFA}.MinSizeRel|x64.ActiveCfg = MinSizeRel|x64
		{FA468BA8-8BF5-3F2F-84A7-F8857AE02BFA}.MinSizeRel|x64.Build.0 = MinSizeRel|x64
		{FA468BA8-8BF5-3F2F-84A7-F8857AE02BFA}.RelWithDebInfo|x64.ActiveCfg = RelWithDebInfo|x64
		{FA468BA8-8BF5-3F2F-84A7-F8857AE02BFA}.RelWithDebInfo|x64.Build.0 = RelWithDebInfo|x64
		{886F15BE-5B06-3FEC-91A2-144388C08A2E}.Debug|x64.ActiveCfg = Debug|x64
		{886F15BE-5B06-3FEC-91A2-144388C08A2E}.Release|x64.ActiveCfg = Release|x64
		{886F15BE-5B06-3FEC-91A2-144388C08A2E}.MinSizeRel|x64.ActiveCfg = MinSizeRel|x64
		{886F15BE-5B06-3FEC-91A2-144388C08A2E}.RelWithDebInfo|x64.ActiveCfg = RelWithDebInfo|x64
		{B8BE8B95-A5CD-3FE6-A535-129326670219}.Debug|x64.ActiveCfg = Debug|x64
		{B8BE8B95-A5CD-3FE6-A535-129326670219}.Debug|x64.Build.0 = Debug|x64
		{B8BE8B95-A5CD-3FE6-A535-129326670219}.Release|x64.ActiveCfg = Release|x64
		{B8BE8B95-A5CD-3FE6-A535-129326670219}.Release|x64.Build.0 = Release|x64
		{B8BE8B95-A5CD-3FE6-A535-129326670219}.MinSizeRel|x64.ActiveCfg = MinSizeRel|x64
		{B8BE8B95-A5CD-3FE6-A535-129326670219}.MinSizeRel|x64.Build.0 = MinSizeRel|x64
		{B8BE8B95-A5CD-3FE6-A535-129326670219}.RelWithDebInfo|x64.ActiveCfg = RelWithDebInfo|x64
		{B8BE8B95-A5CD-3FE6-A535-129326670219}.RelWithDebInfo|x64.Build.0 = RelWithDebInfo|x64
		{2636C6A3-F427-31DA-AC9B-692C60612CA0}.Debug|x64.ActiveCfg = Debug|x64
		{2636C6A3-F427-31DA-AC9B-692C60612CA0}.Debug|x64.Build.0 = Debug|x64
		{2636C6A3-F427-31DA-AC9B-692C60612CA0}.Release|x64.ActiveCfg = Release|x64
		{2636C6A3-F427-31DA-AC9B-692C60612CA0}.Release|x64.Build.0 = Release|x64
		{2636C6A3-F427-31DA-AC9B-692C60612CA0}.MinSizeRel|x64.ActiveCfg = MinSizeRel|x64
		{2636C6A3-F427-31DA-AC9B-692C60612CA0}.MinSizeRel|x64.Build.0 = MinSizeRel|x64
		{2636C6A3-F427-31DA-AC9B-692C60612CA0}.RelWithDebInfo|x64.ActiveCfg = RelWithDebInfo|x64
		{2636C6A3-F427-31DA-AC9B-692C60612CA0}.RelWithDebInfo|x64.Build.0 = RelWithDebInfo|x64
		{DD5C2698-22AF-322B-AE49-746C47660F3D}.Debug|x64.ActiveCfg = Debug|x64
		{DD5C2698-22AF-322B-AE49-746C47660F3D}.Release|x64.ActiveCfg = Release|x64
		{DD5C2698-22AF-322B-AE49-746C47660F3D}.MinSizeRel|x64.ActiveCfg = MinSizeRel|x64
		{DD5C2698-22AF-322B-AE49-746C47660F3D}.RelWithDebInfo|x64.ActiveCfg = RelWithDebInfo|x64
	EndGlobalSection
	GlobalSection(NestedProjects) = preSolution
		{3E350630-D743-3783-8B0E-8F516135A43B} = {A7A6765B-BD49-3834-8C51-FB17D381A827}
		{886F15BE-5B06-3FEC-91A2-144388C08A2E} = {A7A6765B-BD49-3834-8C51-FB17D381A827}
		{B8BE8B95-A5CD-3FE6-A535-129326670219} = {A7A6765B-BD49-3834-8C51-FB17D381A827}
		{2636C6A3-F427-31DA-AC9B-692C60612CA0} = {C3DC0BC1-1DEF-3B59-97FD-813C3759A590}
		{DD5C2698-22AF-322B-AE49-746C47660F3D} = {C3DC0BC1-1DEF-3B59-97FD-813C3759A590}
	EndGlobalSection
	GlobalSection(ExtensibilityGlobals) = postSolution
		SolutionGuid = {3A814467-CB3A-35D9-BCF2-5E38306EC7D1}
	EndGlobalSection
	GlobalSection(ExtensibilityAddIns) = postSolution
	EndGlobalSection
EndGlobal
