
Microsoft Visual Studio Solution File, Format Version 12.00
# Visual Studio Version 16
Project("{2150E333-8FDC-42A3-9474-1A3956D46DE8}") = "CMakePredefinedTargets", "CMakePredefinedTargets", "{FE492B42-AFF4-3980-B568-9C59BE052350}"
EndProject
Project("{8BC9CEB8-8B4A-11D0-8D11-00A0C91BC942}") = "ALL_BUILD", "ALL_BUILD.vcxproj", "{DB80BEE9-C44E-3DD1-86BD-51E4A22E6F13}"
	ProjectSection(ProjectDependencies) = postProject
		{DE7A7EEB-20A6-3F6B-9B98-8FEBBB334114} = {DE7A7EEB-20A6-3F6B-9B98-8FEBBB334114}
		{302AF6AF-3F85-3D4C-A869-5592E079483C} = {302AF6AF-3F85-3D4C-A869-5592E079483C}
	EndProjectSection
EndProject
Project("{8BC9CEB8-8B4A-11D0-8D11-00A0C91BC942}") = "GLEW", "GLEW.vcxproj", "{DE7A7EEB-20A6-3F6B-9B98-8FEBBB334114}"
	ProjectSection(ProjectDependencies) = postProject
		{302AF6AF-3F85-3D4C-A869-5592E079483C} = {302AF6AF-3F85-3D4C-A869-5592E079483C}
	EndProjectSection
EndProject
Project("{8BC9CEB8-8B4A-11D0-8D11-00A0C91BC942}") = "INSTALL", "INSTALL.vcxproj", "{67ADB779-8466-3255-9631-5A3B131C18A4}"
	ProjectSection(ProjectDependencies) = postProject
		{DB80BEE9-C44E-3DD1-86BD-51E4A22E6F13} = {DB80BEE9-C44E-3DD1-86BD-51E4A22E6F13}
		{302AF6AF-3F85-3D4C-A869-5592E079483C} = {302AF6AF-3F85-3D4C-A869-5592E079483C}
	EndProjectSection
EndProject
Project("{8BC9CEB8-8B4A-11D0-8D11-00A0C91BC942}") = "ZERO_CHECK", "..\\ZERO_CHECK.vcxproj", "{302AF6AF-3F85-3D4C-A869-5592E079483C}"
	ProjectSection(ProjectDependencies) = postProject
	EndProjectSection
EndProject
Global
	GlobalSection(SolutionConfigurationPlatforms) = preSolution
		Debug|x64 = Debug|x64
		Release|x64 = Release|x64
		MinSizeRel|x64 = MinSizeRel|x64
		RelWithDebInfo|x64 = RelWithDebInfo|x64
	EndGlobalSection
	GlobalSection(ProjectConfigurationPlatforms) = postSolution
		{DB80BEE9-C44E-3DD1-86BD-51E4A22E6F13}.Debug|x64.ActiveCfg = Debug|x64
		{DB80BEE9-C44E-3DD1-86BD-51E4A22E6F13}.Debug|x64.Build.0 = Debug|x64
		{DB80BEE9-C44E-3DD1-86BD-51E4A22E6F13}.Release|x64.ActiveCfg = Release|x64
		{DB80BEE9-C44E-3DD1-86BD-51E4A22E6F13}.Release|x64.Build.0 = Release|x64
		{DB80BEE9-C44E-3DD1-86BD-51E4A22E6F13}.MinSizeRel|x64.ActiveCfg = MinSizeRel|x64
		{DB80BEE9-C44E-3DD1-86BD-51E4A22E6F13}.MinSizeRel|x64.Build.0 = MinSizeRel|x64
		{DB80BEE9-C44E-3DD1-86BD-51E4A22E6F13}.RelWithDebInfo|x64.ActiveCfg = RelWithDebInfo|x64
		{DB80BEE9-C44E-3DD1-86BD-51E4A22E6F13}.RelWithDebInfo|x64.Build.0 = RelWithDebInfo|x64
		{DE7A7EEB-20A6-3F6B-9B98-8FEBBB334114}.Debug|x64.ActiveCfg = Debug|x64
		{DE7A7EEB-20A6-3F6B-9B98-8FEBBB334114}.Debug|x64.Build.0 = Debug|x64
		{DE7A7EEB-20A6-3F6B-9B98-8FEBBB334114}.Release|x64.ActiveCfg = Release|x64
		{DE7A7EEB-20A6-3F6B-9B98-8FEBBB334114}.Release|x64.Build.0 = Release|x64
		{DE7A7EEB-20A6-3F6B-9B98-8FEBBB334114}.MinSizeRel|x64.ActiveCfg = MinSizeRel|x64
		{DE7A7EEB-20A6-3F6B-9B98-8FEBBB334114}.MinSizeRel|x64.Build.0 = MinSizeRel|x64
		{DE7A7EEB-20A6-3F6B-9B98-8FEBBB334114}.RelWithDebInfo|x64.ActiveCfg = RelWithDebInfo|x64
		{DE7A7EEB-20A6-3F6B-9B98-8FEBBB334114}.RelWithDebInfo|x64.Build.0 = RelWithDebInfo|x64
		{67ADB779-8466-3255-9631-5A3B131C18A4}.Debug|x64.ActiveCfg = Debug|x64
		{67ADB779-8466-3255-9631-5A3B131C18A4}.Release|x64.ActiveCfg = Release|x64
		{67ADB779-8466-3255-9631-5A3B131C18A4}.MinSizeRel|x64.ActiveCfg = MinSizeRel|x64
		{67ADB779-8466-3255-9631-5A3B131C18A4}.RelWithDebInfo|x64.ActiveCfg = RelWithDebInfo|x64
		{302AF6AF-3F85-3D4C-A869-5592E079483C}.Debug|x64.ActiveCfg = Debug|x64
		{302AF6AF-3F85-3D4C-A869-5592E079483C}.Debug|x64.Build.0 = Debug|x64
		{302AF6AF-3F85-3D4C-A869-5592E079483C}.Release|x64.ActiveCfg = Release|x64
		{302AF6AF-3F85-3D4C-A869-5592E079483C}.Release|x64.Build.0 = Release|x64
		{302AF6AF-3F85-3D4C-A869-5592E079483C}.MinSizeRel|x64.ActiveCfg = MinSizeRel|x64
		{302AF6AF-3F85-3D4C-A869-5592E079483C}.MinSizeRel|x64.Build.0 = MinSizeRel|x64
		{302AF6AF-3F85-3D4C-A869-5592E079483C}.RelWithDebInfo|x64.ActiveCfg = RelWithDebInfo|x64
		{302AF6AF-3F85-3D4C-A869-5592E079483C}.RelWithDebInfo|x64.Build.0 = RelWithDebInfo|x64
	EndGlobalSection
	GlobalSection(NestedProjects) = preSolution
		{DB80BEE9-C44E-3DD1-86BD-51E4A22E6F13} = {FE492B42-AFF4-3980-B568-9C59BE052350}
		{67ADB779-8466-3255-9631-5A3B131C18A4} = {FE492B42-AFF4-3980-B568-9C59BE052350}
		{302AF6AF-3F85-3D4C-A869-5592E079483C} = {FE492B42-AFF4-3980-B568-9C59BE052350}
	EndGlobalSection
	GlobalSection(ExtensibilityGlobals) = postSolution
		SolutionGuid = {DD0696AC-E9B1-357B-A846-AC2A5D14328B}
	EndGlobalSection
	GlobalSection(ExtensibilityAddIns) = postSolution
	EndGlobalSection
EndGlobal
