<?xml version="1.0" encoding="utf-8"?>
<Project ToolsVersion="17.0" xmlns="http://schemas.microsoft.com/developer/msbuild/2003">
  <ItemGroup>
    <ClCompile Include="C:\Programmering\TNM046 Datorgrafik\Lab3\GLprimer\GLprimer.cpp">
      <Filter>Source Files</Filter>
    </ClCompile>
    <ClCompile Include="C:\Programmering\TNM046 Datorgrafik\Lab3\GLprimer\Rotator.cpp">
      <Filter>Source Files</Filter>
    </ClCompile>
    <ClCompile Include="C:\Programmering\TNM046 Datorgrafik\Lab3\GLprimer\Shader.cpp">
      <Filter>Source Files</Filter>
    </ClCompile>
    <ClCompile Include="C:\Programmering\TNM046 Datorgrafik\Lab3\GLprimer\Texture.cpp">
      <Filter>Source Files</Filter>
    </ClCompile>
    <ClCompile Include="C:\Programmering\TNM046 Datorgrafik\Lab3\GLprimer\TriangleSoup.cpp">
      <Filter>Source Files</Filter>
    </ClCompile>
    <ClCompile Include="C:\Programmering\TNM046 Datorgrafik\Lab3\GLprimer\Utilities.cpp">
      <Filter>Source Files</Filter>
    </ClCompile>
  </ItemGroup>
  <ItemGroup>
    <ClInclude Include="C:\Programmering\TNM046 Datorgrafik\Lab3\GLprimer\Rotator.hpp">
      <Filter>Header Files</Filter>
    </ClInclude>
    <ClInclude Include="C:\Programmering\TNM046 Datorgrafik\Lab3\GLprimer\Shader.hpp">
      <Filter>Header Files</Filter>
    </ClInclude>
    <ClInclude Include="C:\Programmering\TNM046 Datorgrafik\Lab3\GLprimer\Texture.hpp">
      <Filter>Header Files</Filter>
    </ClInclude>
    <ClInclude Include="C:\Programmering\TNM046 Datorgrafik\Lab3\GLprimer\TriangleSoup.hpp">
      <Filter>Header Files</Filter>
    </ClInclude>
    <ClInclude Include="C:\Programmering\TNM046 Datorgrafik\Lab3\GLprimer\Utilities.hpp">
      <Filter>Header Files</Filter>
    </ClInclude>
  </ItemGroup>
  <ItemGroup>
    <CustomBuild Include="C:\Programmering\TNM046 Datorgrafik\Lab3\GLprimer\CMakeLists.txt" />
  </ItemGroup>
  <ItemGroup>
    <Filter Include="Header Files">
      <UniqueIdentifier>{C0DF6A17-66F4-3A64-A4C4-BC1829C30C1B}</UniqueIdentifier>
    </Filter>
    <Filter Include="Source Files">
      <UniqueIdentifier>{022E1017-003F-3939-9399-49BE2B510552}</UniqueIdentifier>
    </Filter>
  </ItemGroup>
</Project>
